
Microsoft Visual Studio Solution File, Format Version 12.00
# Visual Studio Version 16
VisualStudioVersion = 16.0.30523.141
MinimumVisualStudioVersion = 10.0.40219.1
Project("{FAE04EC0-301F-11D3-BF4B-00C04F79EFBC}") = "AngularBlogCore.API", "AngularBlogCore.API.csproj", "{A1B75D7A-00EE-4DFD-8B8C-685D234A697F}"
EndProject
Global
	GlobalSection(SolutionConfigurationPlatforms) = preSolution
		Debug|Any CPU = Debug|Any CPU
		Release|Any CPU = Release|Any CPU
	EndGlobalSection
	GlobalSection(ProjectConfigurationPlatforms) = postSolution
		{A1B75D7A-00EE-4DFD-8B8C-685D234A697F}.Debug|Any CPU.ActiveCfg = Debug|Any CPU
		{A1B75D7A-00EE-4DFD-8B8C-685D234A697F}.Debug|Any CPU.Build.0 = Debug|Any CPU
		{A1B75D7A-00EE-4DFD-8B8C-685D234A697F}.Release|Any CPU.ActiveCfg = Release|Any CPU
		{A1B75D7A-00EE-4DFD-8B8C-685D234A697F}.Release|Any CPU.Build.0 = Release|Any CPU
	EndGlobalSection
	GlobalSection(SolutionProperties) = preSolution
		HideSolutionNode = FALSE
	EndGlobalSection
	GlobalSection(ExtensibilityGlobals) = postSolution
		SolutionGuid = {7BEBD759-08E7-4039-B8BD-3B87DAEDFE29}
	EndGlobalSection
EndGlobal
